
Microsoft Visual Studio Solution File, Format Version 12.00
# Visual Studio Version 16
VisualStudioVersion = 16.0.29102.190
MinimumVisualStudioVersion = 10.0.40219.1
Project("{FAE04EC0-301F-11D3-BF4B-00C04F79EFBC}") = "Janken", "Janken\Janken.csproj", "{B342CA62-C6A2-4073-A2E9-31392EAAE8C6}"
EndProject
Global
	GlobalSection(SolutionConfigurationPlatforms) = preSolution
		Debug|Any CPU = Debug|Any CPU
		Release|Any CPU = Release|Any CPU
	EndGlobalSection
	GlobalSection(ProjectConfigurationPlatforms) = postSolution
		{B342CA62-C6A2-4073-A2E9-31392EAAE8C6}.Debug|Any CPU.ActiveCfg = Debug|Any CPU
		{B342CA62-C6A2-4073-A2E9-31392EAAE8C6}.Debug|Any CPU.Build.0 = Debug|Any CPU
		{B342CA62-C6A2-4073-A2E9-31392EAAE8C6}.Release|Any CPU.ActiveCfg = Release|Any CPU
		{B342CA62-C6A2-4073-A2E9-31392EAAE8C6}.Release|Any CPU.Build.0 = Release|Any CPU
	EndGlobalSection
	GlobalSection(SolutionProperties) = preSolution
		HideSolutionNode = FALSE
	EndGlobalSection
	GlobalSection(ExtensibilityGlobals) = postSolution
		SolutionGuid = {152B6A46-83FC-41AC-B70A-E3A64EE3464B}
	EndGlobalSection
EndGlobal
